
Microsoft Visual Studio Solution File, Format Version 12.00
# Visual Studio Version 16
VisualStudioVersion = 16.0.30104.148
MinimumVisualStudioVersion = 10.0.40219.1
Project("{FAE04EC0-301F-11D3-BF4B-00C04F79EFBC}") = "UtiCompanion", "UtiCompanion.csproj", "{02DB4722-F072-49DA-B8FC-D1B522274396}"
EndProject
Global
	GlobalSection(SolutionConfigurationPlatforms) = preSolution
		Debug|Any CPU = Debug|Any CPU
		Release|Any CPU = Release|Any CPU
	EndGlobalSection
	GlobalSection(ProjectConfigurationPlatforms) = postSolution
		{02DB4722-F072-49DA-B8FC-D1B522274396}.Debug|Any CPU.ActiveCfg = Debug|Any CPU
		{02DB4722-F072-49DA-B8FC-D1B522274396}.Debug|Any CPU.Build.0 = Debug|Any CPU
		{02DB4722-F072-49DA-B8FC-D1B522274396}.Release|Any CPU.ActiveCfg = Release|Any CPU
		{02DB4722-F072-49DA-B8FC-D1B522274396}.Release|Any CPU.Build.0 = Release|Any CPU
	EndGlobalSection
	GlobalSection(SolutionProperties) = preSolution
		HideSolutionNode = FALSE
	EndGlobalSection
	GlobalSection(ExtensibilityGlobals) = postSolution
		SolutionGuid = {7B490149-B106-490F-94E2-971AFDDB4E4D}
	EndGlobalSection
EndGlobal
